
Microsoft Visual Studio Solution File, Format Version 12.00
# Visual Studio Version 16
VisualStudioVersion = 16.0.30114.105
MinimumVisualStudioVersion = 10.0.40219.1
Project("{FAE04EC0-301F-11D3-BF4B-00C04F79EFBC}") = "Users", "Users\Users.csproj", "{70B126CC-5C12-4A33-B5C6-46A505D4ACF0}"
EndProject
Global
	GlobalSection(SolutionConfigurationPlatforms) = preSolution
		Debug|Any CPU = Debug|Any CPU
		Release|Any CPU = Release|Any CPU
	EndGlobalSection
	GlobalSection(ProjectConfigurationPlatforms) = postSolution
		{70B126CC-5C12-4A33-B5C6-46A505D4ACF0}.Debug|Any CPU.ActiveCfg = Debug|Any CPU
		{70B126CC-5C12-4A33-B5C6-46A505D4ACF0}.Debug|Any CPU.Build.0 = Debug|Any CPU
		{70B126CC-5C12-4A33-B5C6-46A505D4ACF0}.Release|Any CPU.ActiveCfg = Release|Any CPU
		{70B126CC-5C12-4A33-B5C6-46A505D4ACF0}.Release|Any CPU.Build.0 = Release|Any CPU
	EndGlobalSection
	GlobalSection(SolutionProperties) = preSolution
		HideSolutionNode = FALSE
	EndGlobalSection
	GlobalSection(ExtensibilityGlobals) = postSolution
		SolutionGuid = {C1AF36E3-429E-427F-83BA-A6EDB1DAFF0E}
	EndGlobalSection
EndGlobal
